# This file is autogenerated, do not edit; changes may be undone by the next 'dep ensure'.


[[projects]]
  digest = "1:7b5c6e2eeaa9ae5907c391a91c132abfd5c9e8a784a341b5625e750c67e6825d"
  name = "github.com/gorilla/websocket"
  packages = ["."]
  pruneopts = "UT"
  revision = "66b9c49e59c6c48f0ffce28c2d8b8a5678502c6d"
  version = "v1.4.0"

[[projects]]
  digest = "1:da4ec47ed97ae572cd7301b69d1c542667b390dadf2e42abbe571e47031888b6"
  name = "github.com/name5566/leaf"
  packages = [
    ".",
    "chanrpc",
    "cluster",
    "conf",
    "console",
    "gate",
    "go",
    "log",
    "module",
    "network",
    "recordfile",
    "timer",
  ]
  pruneopts = "UT"
  revision = "b4a5928965598cb0211ce4067f2032889fe0fb66"
  version = "1.1.3"

[solve-meta]
  analyzer-name = "dep"
  analyzer-version = 1
  input-imports = [
    "github.com/name5566/leaf",
    "github.com/name5566/leaf/chanrpc",
    "github.com/name5566/leaf/conf",
    "github.com/name5566/leaf/gate",
    "github.com/name5566/leaf/log",
    "github.com/name5566/leaf/module",
    "github.com/name5566/leaf/network",
    "github.com/name5566/leaf/recordfile",
  ]
  solver-name = "gps-cdcl"
  solver-version = 1
